
Microsoft Visual Studio Solution File, Format Version 12.00
# Visual Studio Version 17
VisualStudioVersion = 17.5.33502.453
MinimumVisualStudioVersion = 10.0.40219.1
Project("{2150E333-8FDC-42A3-9474-1A3956D46DE8}") = "Program_etap_1", "Program_etap_1", "{249736F0-6E70-4331-876A-849C620D2FFA}"
EndProject
Project("{9A19103F-16F7-4668-BE54-9A1E7A4F7556}") = "Data", "Data\Data.csproj", "{18390BFF-8093-44EB-A977-359FACE33BE4}"
EndProject
Project("{9A19103F-16F7-4668-BE54-9A1E7A4F7556}") = "Logic", "Logic\Logic.csproj", "{A34DFB4C-B5CC-4320-9255-744041E04805}"
EndProject
Project("{2150E333-8FDC-42A3-9474-1A3956D46DE8}") = "Presentation", "Presentation", "{591F7DCB-4BBC-4E80-A5F8-77600614B097}"
EndProject
Project("{9A19103F-16F7-4668-BE54-9A1E7A4F7556}") = "Model", "Model\Model.csproj", "{EC56F95F-1941-453E-BDE6-E937F99EB273}"
EndProject
Project("{9A19103F-16F7-4668-BE54-9A1E7A4F7556}") = "ViewModel", "ViewModel\ViewModel.csproj", "{F8CA6150-42BB-4809-B574-7AA71CDF3399}"
EndProject
Project("{9A19103F-16F7-4668-BE54-9A1E7A4F7556}") = "View", "View\View.csproj", "{8A1A25D2-2066-465D-82C5-339FCE58667C}"
EndProject
Project("{2150E333-8FDC-42A3-9474-1A3956D46DE8}") = "Tests", "Tests", "{CAE611C9-DDAA-4B09-8A49-C25D4233972A}"
EndProject
Project("{FAE04EC0-301F-11D3-BF4B-00C04F79EFBC}") = "DataTests", "DataTests\DataTests.csproj", "{BDA89C76-0687-45EA-8029-3D873F73EACF}"
EndProject
Project("{FAE04EC0-301F-11D3-BF4B-00C04F79EFBC}") = "LogicTests", "LogicTests\LogicTests.csproj", "{F9793EBB-0FEE-4E13-B6FD-0294BB222552}"
EndProject
Global
	GlobalSection(SolutionConfigurationPlatforms) = preSolution
		Debug|Any CPU = Debug|Any CPU
		Release|Any CPU = Release|Any CPU
	EndGlobalSection
	GlobalSection(ProjectConfigurationPlatforms) = postSolution
		{18390BFF-8093-44EB-A977-359FACE33BE4}.Debug|Any CPU.ActiveCfg = Debug|Any CPU
		{18390BFF-8093-44EB-A977-359FACE33BE4}.Debug|Any CPU.Build.0 = Debug|Any CPU
		{18390BFF-8093-44EB-A977-359FACE33BE4}.Release|Any CPU.ActiveCfg = Release|Any CPU
		{18390BFF-8093-44EB-A977-359FACE33BE4}.Release|Any CPU.Build.0 = Release|Any CPU
		{A34DFB4C-B5CC-4320-9255-744041E04805}.Debug|Any CPU.ActiveCfg = Debug|Any CPU
		{A34DFB4C-B5CC-4320-9255-744041E04805}.Debug|Any CPU.Build.0 = Debug|Any CPU
		{A34DFB4C-B5CC-4320-9255-744041E04805}.Release|Any CPU.ActiveCfg = Release|Any CPU
		{A34DFB4C-B5CC-4320-9255-744041E04805}.Release|Any CPU.Build.0 = Release|Any CPU
		{EC56F95F-1941-453E-BDE6-E937F99EB273}.Debug|Any CPU.ActiveCfg = Debug|Any CPU
		{EC56F95F-1941-453E-BDE6-E937F99EB273}.Debug|Any CPU.Build.0 = Debug|Any CPU
		{EC56F95F-1941-453E-BDE6-E937F99EB273}.Release|Any CPU.ActiveCfg = Release|Any CPU
		{EC56F95F-1941-453E-BDE6-E937F99EB273}.Release|Any CPU.Build.0 = Release|Any CPU
		{F8CA6150-42BB-4809-B574-7AA71CDF3399}.Debug|Any CPU.ActiveCfg = Debug|Any CPU
		{F8CA6150-42BB-4809-B574-7AA71CDF3399}.Debug|Any CPU.Build.0 = Debug|Any CPU
		{F8CA6150-42BB-4809-B574-7AA71CDF3399}.Release|Any CPU.ActiveCfg = Release|Any CPU
		{F8CA6150-42BB-4809-B574-7AA71CDF3399}.Release|Any CPU.Build.0 = Release|Any CPU
		{8A1A25D2-2066-465D-82C5-339FCE58667C}.Debug|Any CPU.ActiveCfg = Debug|Any CPU
		{8A1A25D2-2066-465D-82C5-339FCE58667C}.Debug|Any CPU.Build.0 = Debug|Any CPU
		{8A1A25D2-2066-465D-82C5-339FCE58667C}.Release|Any CPU.ActiveCfg = Release|Any CPU
		{8A1A25D2-2066-465D-82C5-339FCE58667C}.Release|Any CPU.Build.0 = Release|Any CPU
		{BDA89C76-0687-45EA-8029-3D873F73EACF}.Debug|Any CPU.ActiveCfg = Debug|Any CPU
		{BDA89C76-0687-45EA-8029-3D873F73EACF}.Debug|Any CPU.Build.0 = Debug|Any CPU
		{BDA89C76-0687-45EA-8029-3D873F73EACF}.Release|Any CPU.ActiveCfg = Release|Any CPU
		{BDA89C76-0687-45EA-8029-3D873F73EACF}.Release|Any CPU.Build.0 = Release|Any CPU
		{F9793EBB-0FEE-4E13-B6FD-0294BB222552}.Debug|Any CPU.ActiveCfg = Debug|Any CPU
		{F9793EBB-0FEE-4E13-B6FD-0294BB222552}.Debug|Any CPU.Build.0 = Debug|Any CPU
		{F9793EBB-0FEE-4E13-B6FD-0294BB222552}.Release|Any CPU.ActiveCfg = Release|Any CPU
		{F9793EBB-0FEE-4E13-B6FD-0294BB222552}.Release|Any CPU.Build.0 = Release|Any CPU
	EndGlobalSection
	GlobalSection(SolutionProperties) = preSolution
		HideSolutionNode = FALSE
	EndGlobalSection
	GlobalSection(NestedProjects) = preSolution
		{18390BFF-8093-44EB-A977-359FACE33BE4} = {249736F0-6E70-4331-876A-849C620D2FFA}
		{A34DFB4C-B5CC-4320-9255-744041E04805} = {249736F0-6E70-4331-876A-849C620D2FFA}
		{591F7DCB-4BBC-4E80-A5F8-77600614B097} = {249736F0-6E70-4331-876A-849C620D2FFA}
		{EC56F95F-1941-453E-BDE6-E937F99EB273} = {591F7DCB-4BBC-4E80-A5F8-77600614B097}
		{F8CA6150-42BB-4809-B574-7AA71CDF3399} = {591F7DCB-4BBC-4E80-A5F8-77600614B097}
		{8A1A25D2-2066-465D-82C5-339FCE58667C} = {591F7DCB-4BBC-4E80-A5F8-77600614B097}
		{CAE611C9-DDAA-4B09-8A49-C25D4233972A} = {249736F0-6E70-4331-876A-849C620D2FFA}
		{BDA89C76-0687-45EA-8029-3D873F73EACF} = {CAE611C9-DDAA-4B09-8A49-C25D4233972A}
		{F9793EBB-0FEE-4E13-B6FD-0294BB222552} = {CAE611C9-DDAA-4B09-8A49-C25D4233972A}
	EndGlobalSection
	GlobalSection(ExtensibilityGlobals) = postSolution
		SolutionGuid = {598E39B5-0932-433E-ABF5-8172DB637BBA}
	EndGlobalSection
EndGlobal
