
Microsoft Visual Studio Solution File, Format Version 12.00
# Visual Studio Version 17
VisualStudioVersion = 17.5.33502.453
MinimumVisualStudioVersion = 10.0.40219.1
Project("{9A19103F-16F7-4668-BE54-9A1E7A4F7556}") = "program", "program\program.csproj", "{02E4E524-A647-4FC3-8234-E4D5495F56FE}"
EndProject
Project("{9A19103F-16F7-4668-BE54-9A1E7A4F7556}") = "program_test", "program_test\program_test.csproj", "{89F1FEF5-1414-4AD4-BB7D-A36301493252}"
EndProject
Project("{2150E333-8FDC-42A3-9474-1A3956D46DE8}") = "Program_etap_1", "Program_etap_1", "{249736F0-6E70-4331-876A-849C620D2FFA}"
EndProject
Project("{FAE04EC0-301F-11D3-BF4B-00C04F79EFBC}") = "Data", "Data\Data.csproj", "{18390BFF-8093-44EB-A977-359FACE33BE4}"
EndProject
Project("{FAE04EC0-301F-11D3-BF4B-00C04F79EFBC}") = "Logic", "Logic\Logic.csproj", "{A34DFB4C-B5CC-4320-9255-744041E04805}"
EndProject
Project("{2150E333-8FDC-42A3-9474-1A3956D46DE8}") = "Presentation", "Presentation", "{591F7DCB-4BBC-4E80-A5F8-77600614B097}"
EndProject
Project("{FAE04EC0-301F-11D3-BF4B-00C04F79EFBC}") = "Model", "Model\Model.csproj", "{EC56F95F-1941-453E-BDE6-E937F99EB273}"
EndProject
Project("{FAE04EC0-301F-11D3-BF4B-00C04F79EFBC}") = "ViewModel", "ViewModel\ViewModel.csproj", "{F8CA6150-42BB-4809-B574-7AA71CDF3399}"
EndProject
Project("{FAE04EC0-301F-11D3-BF4B-00C04F79EFBC}") = "View", "View\View.csproj", "{8A1A25D2-2066-465D-82C5-339FCE58667C}"
EndProject
Project("{2150E333-8FDC-42A3-9474-1A3956D46DE8}") = "Tests", "Tests", "{CAE611C9-DDAA-4B09-8A49-C25D4233972A}"
EndProject
Project("{FAE04EC0-301F-11D3-BF4B-00C04F79EFBC}") = "TestLogic", "TestLogic\TestLogic.csproj", "{1B9243EB-6136-4869-BE32-2AAC5C4E242E}"
EndProject
Project("{FAE04EC0-301F-11D3-BF4B-00C04F79EFBC}") = "TestData", "TestData\TestData.csproj", "{98386049-2F96-482E-AB1A-4886628F88E3}"
EndProject
Project("{2150E333-8FDC-42A3-9474-1A3956D46DE8}") = "projekt_testowy", "projekt_testowy", "{296B3E0F-C3C5-4070-98CA-40D65F09A087}"
EndProject
Global
	GlobalSection(SolutionConfigurationPlatforms) = preSolution
		Debug|Any CPU = Debug|Any CPU
		Release|Any CPU = Release|Any CPU
	EndGlobalSection
	GlobalSection(ProjectConfigurationPlatforms) = postSolution
		{02E4E524-A647-4FC3-8234-E4D5495F56FE}.Debug|Any CPU.ActiveCfg = Debug|Any CPU
		{02E4E524-A647-4FC3-8234-E4D5495F56FE}.Debug|Any CPU.Build.0 = Debug|Any CPU
		{02E4E524-A647-4FC3-8234-E4D5495F56FE}.Release|Any CPU.ActiveCfg = Release|Any CPU
		{02E4E524-A647-4FC3-8234-E4D5495F56FE}.Release|Any CPU.Build.0 = Release|Any CPU
		{89F1FEF5-1414-4AD4-BB7D-A36301493252}.Debug|Any CPU.ActiveCfg = Debug|Any CPU
		{89F1FEF5-1414-4AD4-BB7D-A36301493252}.Debug|Any CPU.Build.0 = Debug|Any CPU
		{89F1FEF5-1414-4AD4-BB7D-A36301493252}.Release|Any CPU.ActiveCfg = Release|Any CPU
		{89F1FEF5-1414-4AD4-BB7D-A36301493252}.Release|Any CPU.Build.0 = Release|Any CPU
		{18390BFF-8093-44EB-A977-359FACE33BE4}.Debug|Any CPU.ActiveCfg = Debug|Any CPU
		{18390BFF-8093-44EB-A977-359FACE33BE4}.Debug|Any CPU.Build.0 = Debug|Any CPU
		{18390BFF-8093-44EB-A977-359FACE33BE4}.Release|Any CPU.ActiveCfg = Release|Any CPU
		{18390BFF-8093-44EB-A977-359FACE33BE4}.Release|Any CPU.Build.0 = Release|Any CPU
		{A34DFB4C-B5CC-4320-9255-744041E04805}.Debug|Any CPU.ActiveCfg = Debug|Any CPU
		{A34DFB4C-B5CC-4320-9255-744041E04805}.Debug|Any CPU.Build.0 = Debug|Any CPU
		{A34DFB4C-B5CC-4320-9255-744041E04805}.Release|Any CPU.ActiveCfg = Release|Any CPU
		{A34DFB4C-B5CC-4320-9255-744041E04805}.Release|Any CPU.Build.0 = Release|Any CPU
		{EC56F95F-1941-453E-BDE6-E937F99EB273}.Debug|Any CPU.ActiveCfg = Debug|Any CPU
		{EC56F95F-1941-453E-BDE6-E937F99EB273}.Debug|Any CPU.Build.0 = Debug|Any CPU
		{EC56F95F-1941-453E-BDE6-E937F99EB273}.Release|Any CPU.ActiveCfg = Release|Any CPU
		{EC56F95F-1941-453E-BDE6-E937F99EB273}.Release|Any CPU.Build.0 = Release|Any CPU
		{F8CA6150-42BB-4809-B574-7AA71CDF3399}.Debug|Any CPU.ActiveCfg = Debug|Any CPU
		{F8CA6150-42BB-4809-B574-7AA71CDF3399}.Debug|Any CPU.Build.0 = Debug|Any CPU
		{F8CA6150-42BB-4809-B574-7AA71CDF3399}.Release|Any CPU.ActiveCfg = Release|Any CPU
		{F8CA6150-42BB-4809-B574-7AA71CDF3399}.Release|Any CPU.Build.0 = Release|Any CPU
		{8A1A25D2-2066-465D-82C5-339FCE58667C}.Debug|Any CPU.ActiveCfg = Debug|Any CPU
		{8A1A25D2-2066-465D-82C5-339FCE58667C}.Debug|Any CPU.Build.0 = Debug|Any CPU
		{8A1A25D2-2066-465D-82C5-339FCE58667C}.Release|Any CPU.ActiveCfg = Release|Any CPU
		{8A1A25D2-2066-465D-82C5-339FCE58667C}.Release|Any CPU.Build.0 = Release|Any CPU
		{1B9243EB-6136-4869-BE32-2AAC5C4E242E}.Debug|Any CPU.ActiveCfg = Debug|Any CPU
		{1B9243EB-6136-4869-BE32-2AAC5C4E242E}.Debug|Any CPU.Build.0 = Debug|Any CPU
		{1B9243EB-6136-4869-BE32-2AAC5C4E242E}.Release|Any CPU.ActiveCfg = Release|Any CPU
		{1B9243EB-6136-4869-BE32-2AAC5C4E242E}.Release|Any CPU.Build.0 = Release|Any CPU
		{98386049-2F96-482E-AB1A-4886628F88E3}.Debug|Any CPU.ActiveCfg = Debug|Any CPU
		{98386049-2F96-482E-AB1A-4886628F88E3}.Debug|Any CPU.Build.0 = Debug|Any CPU
		{98386049-2F96-482E-AB1A-4886628F88E3}.Release|Any CPU.ActiveCfg = Release|Any CPU
		{98386049-2F96-482E-AB1A-4886628F88E3}.Release|Any CPU.Build.0 = Release|Any CPU
	EndGlobalSection
	GlobalSection(SolutionProperties) = preSolution
		HideSolutionNode = FALSE
	EndGlobalSection
	GlobalSection(NestedProjects) = preSolution
		{02E4E524-A647-4FC3-8234-E4D5495F56FE} = {296B3E0F-C3C5-4070-98CA-40D65F09A087}
		{89F1FEF5-1414-4AD4-BB7D-A36301493252} = {296B3E0F-C3C5-4070-98CA-40D65F09A087}
		{18390BFF-8093-44EB-A977-359FACE33BE4} = {249736F0-6E70-4331-876A-849C620D2FFA}
		{A34DFB4C-B5CC-4320-9255-744041E04805} = {249736F0-6E70-4331-876A-849C620D2FFA}
		{591F7DCB-4BBC-4E80-A5F8-77600614B097} = {249736F0-6E70-4331-876A-849C620D2FFA}
		{EC56F95F-1941-453E-BDE6-E937F99EB273} = {591F7DCB-4BBC-4E80-A5F8-77600614B097}
		{F8CA6150-42BB-4809-B574-7AA71CDF3399} = {591F7DCB-4BBC-4E80-A5F8-77600614B097}
		{8A1A25D2-2066-465D-82C5-339FCE58667C} = {591F7DCB-4BBC-4E80-A5F8-77600614B097}
		{CAE611C9-DDAA-4B09-8A49-C25D4233972A} = {249736F0-6E70-4331-876A-849C620D2FFA}
		{1B9243EB-6136-4869-BE32-2AAC5C4E242E} = {CAE611C9-DDAA-4B09-8A49-C25D4233972A}
		{98386049-2F96-482E-AB1A-4886628F88E3} = {CAE611C9-DDAA-4B09-8A49-C25D4233972A}
	EndGlobalSection
	GlobalSection(ExtensibilityGlobals) = postSolution
		SolutionGuid = {598E39B5-0932-433E-ABF5-8172DB637BBA}
	EndGlobalSection
EndGlobal
